# This file is autogenerated, do not edit; changes may be undone by the next 'dep ensure'.


[[projects]]
  digest = "1:a3af33fd30536d9c5a7b6ad542390919e57c1125097a194c7b3d9904109a0611"
  name = "github.com/go-sql-driver/mysql"
  packages = ["."]
  pruneopts = "UT"
  revision = "17ef3dd9d98b69acec3e85878995ada9533a9370"
  version = "v1.5.0"

[[projects]]
  digest = "1:6c41d4f998a03b6604227ccad36edaed6126c397e5d78709ef4814a1145a6757"
  name = "github.com/jmoiron/sqlx"
  packages = [
    ".",
    "reflectx",
  ]
  pruneopts = "UT"
  revision = "d161d7a76b5661016ad0b085869f77fd410f3e6a"
  version = "v1.2.0"

[solve-meta]
  analyzer-name = "dep"
  analyzer-version = 1
  input-imports = [
    "github.com/go-sql-driver/mysql",
    "github.com/jmoiron/sqlx",
  ]
  solver-name = "gps-cdcl"
  solver-version = 1
